
Microsoft Visual Studio Solution File, Format Version 12.00
# Visual Studio 15
VisualStudioVersion = 15.0.28307.645
MinimumVisualStudioVersion = 10.0.40219.1
Project("{FAE04EC0-301F-11D3-BF4B-00C04F79EFBC}") = "LoginAPI", "LoginAPI\LoginAPI.csproj", "{65FCB1B6-6293-4708-9ECC-5AF67234B042}"
EndProject
Global
	GlobalSection(SolutionConfigurationPlatforms) = preSolution
		Debug|Any CPU = Debug|Any CPU
		Release|Any CPU = Release|Any CPU
	EndGlobalSection
	GlobalSection(ProjectConfigurationPlatforms) = postSolution
		{65FCB1B6-6293-4708-9ECC-5AF67234B042}.Debug|Any CPU.ActiveCfg = Debug|Any CPU
		{65FCB1B6-6293-4708-9ECC-5AF67234B042}.Debug|Any CPU.Build.0 = Debug|Any CPU
		{65FCB1B6-6293-4708-9ECC-5AF67234B042}.Release|Any CPU.ActiveCfg = Release|Any CPU
		{65FCB1B6-6293-4708-9ECC-5AF67234B042}.Release|Any CPU.Build.0 = Release|Any CPU
	EndGlobalSection
	GlobalSection(SolutionProperties) = preSolution
		HideSolutionNode = FALSE
	EndGlobalSection
	GlobalSection(ExtensibilityGlobals) = postSolution
		SolutionGuid = {831BF708-A525-46B3-92E8-63DC29FE7E32}
	EndGlobalSection
EndGlobal
